
Microsoft Visual Studio Solution File, Format Version 12.00
# Visual Studio Version 17
VisualStudioVersion = 17.9.34701.34
MinimumVisualStudioVersion = 10.0.40219.1
Project("{FAE04EC0-301F-11D3-BF4B-00C04F79EFBC}") = "TODOLIST", "TODOLIST\TODOLIST.csproj", "{EC1F3AC4-6C4D-4333-A3B9-5647244E7CC8}"
EndProject
Global
	GlobalSection(SolutionConfigurationPlatforms) = preSolution
		Debug|Any CPU = Debug|Any CPU
		Release|Any CPU = Release|Any CPU
	EndGlobalSection
	GlobalSection(ProjectConfigurationPlatforms) = postSolution
		{EC1F3AC4-6C4D-4333-A3B9-5647244E7CC8}.Debug|Any CPU.ActiveCfg = Debug|Any CPU
		{EC1F3AC4-6C4D-4333-A3B9-5647244E7CC8}.Debug|Any CPU.Build.0 = Debug|Any CPU
		{EC1F3AC4-6C4D-4333-A3B9-5647244E7CC8}.Release|Any CPU.ActiveCfg = Release|Any CPU
		{EC1F3AC4-6C4D-4333-A3B9-5647244E7CC8}.Release|Any CPU.Build.0 = Release|Any CPU
	EndGlobalSection
	GlobalSection(SolutionProperties) = preSolution
		HideSolutionNode = FALSE
	EndGlobalSection
	GlobalSection(ExtensibilityGlobals) = postSolution
		SolutionGuid = {70D2C331-05D4-4C3A-BDF1-8A6212E22F53}
	EndGlobalSection
EndGlobal
